{
  "name": "bun-sodium-native-bug",
  "version": "1.0.0",
  "lockfileVersion": 3,
  "requires": true,
  "packages": {
    "": {
      "name": "bun-sodium-native-bug",
      "version": "1.0.0",
      "dependencies": {
        "bun": "^0.7.4-canary.20230815.1",
        "sodium-native": "^4.0.4"
      }
    },
    "node_modules/@oven/bun-darwin-aarch64": {
      "version": "0.7.4-canary.20230815.1",
      "resolved": "https://registry.npmjs.org/@oven/bun-darwin-aarch64/-/bun-darwin-aarch64-0.7.4-canary.20230815.1.tgz",
      "integrity": "sha512-iGW+vGFViPIVcHf8AH0l9Fz7xwfBkKbyYCKDQyEVIGa5Y1RbVElShqzmqhf/mntsCwC0uqYWlsJnNOjV+kChiw==",
      "cpu": [
        "arm64"
      ],
      "optional": true,
      "os": [
        "darwin"
      ]
    },
    "node_modules/@oven/bun-darwin-x64": {
      "version": "0.7.4-canary.20230815.1",
      "resolved": "https://registry.npmjs.org/@oven/bun-darwin-x64/-/bun-darwin-x64-0.7.4-canary.20230815.1.tgz",
      "integrity": "sha512-5HMcn4PfP0GZgyEU7nVhYRegA/XgHThR/bDD92NVZU3154SeF7AoxZHiT9tHUhTHH+NgypOVrSLU1gKL+FDW/A==",
      "cpu": [
        "x64"
      ],
      "optional": true,
      "os": [
        "darwin"
      ]
    },
    "node_modules/@oven/bun-darwin-x64-baseline": {
      "version": "0.7.4-canary.20230815.1",
      "resolved": "https://registry.npmjs.org/@oven/bun-darwin-x64-baseline/-/bun-darwin-x64-baseline-0.7.4-canary.20230815.1.tgz",
      "integrity": "sha512-2IADYufT7jt/bthhJhBS8+Oz0rc9eN9Me1trroYgsAj8rxop9jO+Gl5US+BceM9EzCiURjPYXgMIbnzZpmZf9A==",
      "cpu": [
        "x64"
      ],
      "optional": true,
      "os": [
        "darwin"
      ]
    },
    "node_modules/@oven/bun-linux-aarch64": {
      "version": "0.7.4-canary.20230815.1",
      "resolved": "https://registry.npmjs.org/@oven/bun-linux-aarch64/-/bun-linux-aarch64-0.7.4-canary.20230815.1.tgz",
      "integrity": "sha512-6s/rtwrxX4K5CcLlqeOziedALMir56nRiVOJi9A/R37WAoexIGdMKY7/IxI23pM2RjQW6mMi0efMqH5ZenbHLA==",
      "cpu": [
        "arm64"
      ],
      "optional": true,
      "os": [
        "linux"
      ]
    },
    "node_modules/@oven/bun-linux-x64": {
      "version": "0.7.4-canary.20230815.1",
      "resolved": "https://registry.npmjs.org/@oven/bun-linux-x64/-/bun-linux-x64-0.7.4-canary.20230815.1.tgz",
      "integrity": "sha512-WVKMmHfoMWHGaqIUlUL1WhQeBME8oDglnVRpEoDrDUthyk766pcqC0+WrOBVRo2p6Petb5JYkAVdCiAU5hJ4/w==",
      "cpu": [
        "x64"
      ],
      "optional": true,
      "os": [
        "linux"
      ]
    },
    "node_modules/@oven/bun-linux-x64-baseline": {
      "version": "0.7.4-canary.20230815.1",
      "resolved": "https://registry.npmjs.org/@oven/bun-linux-x64-baseline/-/bun-linux-x64-baseline-0.7.4-canary.20230815.1.tgz",
      "integrity": "sha512-p3EiLyk1LWvjt1g9fz+x5U//TU0/uwgazeE6XA5BevXPDMR675tAG2Uyjc8uGifFUCU7bwGW4M6hv85SHLW7rA==",
      "cpu": [
        "x64"
      ],
      "optional": true,
      "os": [
        "linux"
      ]
    },
    "node_modules/bun": {
      "version": "0.7.4-canary.20230815.1",
      "resolved": "https://registry.npmjs.org/bun/-/bun-0.7.4-canary.20230815.1.tgz",
      "integrity": "sha512-ytgWYAXJOPrB1+epPEtS8ISIG7+/Z7Pb4wGD6OQGuI8f5/IsDDpNbC2dDUJwdOyBnTq/JzZWq7QF54QLmgdGZA==",
      "cpu": [
        "arm64",
        "x64"
      ],
      "hasInstallScript": true,
      "os": [
        "darwin",
        "linux"
      ],
      "bin": {
        "bun": "bin/bun",
        "bunx": "bin/bun"
      },
      "optionalDependencies": {
        "@oven/bun-darwin-aarch64": "0.7.4-canary.20230815.1+1a6a523",
        "@oven/bun-darwin-x64": "0.7.4-canary.20230815.1+1a6a523",
        "@oven/bun-darwin-x64-baseline": "0.7.4-canary.20230815.1+1a6a523",
        "@oven/bun-linux-aarch64": "0.7.4-canary.20230815.1+1a6a523",
        "@oven/bun-linux-x64": "0.7.4-canary.20230815.1+1a6a523",
        "@oven/bun-linux-x64-baseline": "0.7.4-canary.20230815.1+1a6a523"
      }
    },
    "node_modules/node-gyp-build": {
      "version": "4.6.0",
      "resolved": "https://registry.npmjs.org/node-gyp-build/-/node-gyp-build-4.6.0.tgz",
      "integrity": "sha512-NTZVKn9IylLwUzaKjkas1e4u2DLNcV4rdYagA4PWdPwW87Bi7z+BznyKSRwS/761tV/lzCGXplWsiaMjLqP2zQ==",
      "bin": {
        "node-gyp-build": "bin.js",
        "node-gyp-build-optional": "optional.js",
        "node-gyp-build-test": "build-test.js"
      }
    },
    "node_modules/sodium-native": {
      "version": "4.0.4",
      "resolved": "https://registry.npmjs.org/sodium-native/-/sodium-native-4.0.4.tgz",
      "integrity": "sha512-faqOKw4WQKK7r/ybn6Lqo1F9+L5T6NlBJJYvpxbZPetpWylUVqz449mvlwIBKBqxEHbWakWuOlUt8J3Qpc4sWw==",
      "hasInstallScript": true,
      "dependencies": {
        "node-gyp-build": "^4.6.0"
      }
    }
  }
}
